{
  "requires": true,
  "lockfileVersion": 1,
  "dependencies": {
    "swagger-ui-dist": {
      "version": "5.0.0-alpha.4",
      "resolved": "https://registry.npmjs.org/swagger-ui-dist/-/swagger-ui-dist-5.0.0-alpha.4.tgz",
      "integrity": "sha512-T9JInALW9P+Y6Gscf4x6wZGUTsUa6GXz7r5uVuDKhbOjIEYKOq9F8ewHh1L0n51tcLXE0AtHb83KYx96ccbuQw=="
    }
  }
}
